
Microsoft Visual Studio Solution File, Format Version 12.00
# Visual Studio 14
VisualStudioVersion = 14.0.25420.1
MinimumVisualStudioVersion = 10.0.40219.1
Project("{FAE04EC0-301F-11D3-BF4B-00C04F79EFBC}") = "Liekhus.EDMX.NHibernate.Maps", "Liekhus.EDMX.NHibernate.Maps\Liekhus.EDMX.NHibernate.Maps.csproj", "{F7123AF7-D8D2-46A3-8A62-DEB39E13E668}"
EndProject
Global
	GlobalSection(SolutionConfigurationPlatforms) = preSolution
		Debug|Any CPU = Debug|Any CPU
		Release|Any CPU = Release|Any CPU
	EndGlobalSection
	GlobalSection(ProjectConfigurationPlatforms) = postSolution
		{F7123AF7-D8D2-46A3-8A62-DEB39E13E668}.Debug|Any CPU.ActiveCfg = Debug|Any CPU
		{F7123AF7-D8D2-46A3-8A62-DEB39E13E668}.Debug|Any CPU.Build.0 = Debug|Any CPU
		{F7123AF7-D8D2-46A3-8A62-DEB39E13E668}.Release|Any CPU.ActiveCfg = Release|Any CPU
		{F7123AF7-D8D2-46A3-8A62-DEB39E13E668}.Release|Any CPU.Build.0 = Release|Any CPU
	EndGlobalSection
	GlobalSection(SolutionProperties) = preSolution
		HideSolutionNode = FALSE
	EndGlobalSection
	GlobalSection(CodealikeProperties) = postSolution
		SolutionGuid = 016ac47c-fe0b-454f-a64b-40be7fa5276f
	EndGlobalSection
EndGlobal
